// !$*UTF8*$!
{
	archiveVersion = 1;
	classes = {
	};
	objectVersion = 46;
	objects = {

/* Begin PBXAggregateTarget section */
		32535EF30FAAF75D00197F39 /* Doxygen documentation */ = {
			isa = PBXAggregateTarget;
			buildConfigurationList = 32535EF60FAAF77F00197F39 /* Build configuration list for PBXAggregateTarget "Doxygen documentation" */;
			buildPhases = (
				32535EF20FAAF75D00197F39 /* ShellScript */,
			);
			comments = "Generates the Doxygen documentation.";
			dependencies = (
			);
			name = "Doxygen documentation";
			productName = "Doxygen documentation";
		};
		325365510FB0C97C00197F39 /* All */ = {
			isa = PBXAggregateTarget;
			buildConfigurationList = 325365620FB0C9BE00197F39 /* Build configuration list for PBXAggregateTarget "All" */;
			buildPhases = (
			);
			dependencies = (
				325365550FB0C98400197F39 /* PBXTargetDependency */,
				325365570FB0C98800197F39 /* PBXTargetDependency */,
				325365590FB0C98B00197F39 /* PBXTargetDependency */,
				3253655B0FB0C98D00197F39 /* PBXTargetDependency */,
				3253655D0FB0C99000197F39 /* PBXTargetDependency */,
			);
			name = All;
			productName = All;
		};
/* End PBXAggregateTarget section */

/* Begin PBXBuildFile section */
		320F26A20FBF1FEA00E198D1 /* poc_tests.c in Sources */ = {isa = PBXBuildFile; fileRef = 320F26A10FBF1FEA00E198D1 /* poc_tests.c */; };
		320F26A30FBF1FEA00E198D1 /* poc_tests.c in Sources */ = {isa = PBXBuildFile; fileRef = 320F26A10FBF1FEA00E198D1 /* poc_tests.c */; };
		320F26A40FBF1FEA00E198D1 /* poc_tests.c in Sources */ = {isa = PBXBuildFile; fileRef = 320F26A10FBF1FEA00E198D1 /* poc_tests.c */; };
		320F26A50FBF1FEA00E198D1 /* poc_tests.c in Sources */ = {isa = PBXBuildFile; fileRef = 320F26A10FBF1FEA00E198D1 /* poc_tests.c */; };
		32532ADC0FA9B5DB00197F39 /* poc_diagnose_main.cpp in Sources */ = {isa = PBXBuildFile; fileRef = 32532A6E0FA8AA6C00197F39 /* poc_diagnose_main.cpp */; };
		32532ADD0FA9B5E100197F39 /* poc_diagnose_main.c in Sources */ = {isa = PBXBuildFile; fileRef = 32532ACC0FA9B57200197F39 /* poc_diagnose_main.c */; };
		32532B5E0FA9CDED00197F39 /* poc_diagnose_main_objc.m in Sources */ = {isa = PBXBuildFile; fileRef = 32532B550FA9CD7E00197F39 /* poc_diagnose_main_objc.m */; };
		325361AD0FADBB9E00197F39 /* poc_diagnose_main.c in Sources */ = {isa = PBXBuildFile; fileRef = 32532ACC0FA9B57200197F39 /* poc_diagnose_main.c */; };
/* End PBXBuildFile section */

/* Begin PBXContainerItemProxy section */
		325365540FB0C98400197F39 /* PBXContainerItemProxy */ = {
			isa = PBXContainerItemProxy;
			containerPortal = 08FB7793FE84155DC02AAC07 /* Project object */;
			proxyType = 1;
			remoteGlobalIDString = 32532ACF0FA9B59F00197F39;
			remoteInfo = poc_diagnose_c;
		};
		325365560FB0C98800197F39 /* PBXContainerItemProxy */ = {
			isa = PBXContainerItemProxy;
			containerPortal = 08FB7793FE84155DC02AAC07 /* Project object */;
			proxyType = 1;
			remoteGlobalIDString = 325361A70FADBB3C00197F39;
			remoteInfo = poc_diagnose_c_gcc_ansi_c;
		};
		325365580FB0C98B00197F39 /* PBXContainerItemProxy */ = {
			isa = PBXContainerItemProxy;
			containerPortal = 08FB7793FE84155DC02AAC07 /* Project object */;
			proxyType = 1;
			remoteGlobalIDString = 32532AD70FA9B5CF00197F39;
			remoteInfo = poc_diagnose_cpp;
		};
		3253655A0FB0C98D00197F39 /* PBXContainerItemProxy */ = {
			isa = PBXContainerItemProxy;
			containerPortal = 08FB7793FE84155DC02AAC07 /* Project object */;
			proxyType = 1;
			remoteGlobalIDString = 32532B580FA9CDB600197F39;
			remoteInfo = poc_diagnose_objc;
		};
		3253655C0FB0C99000197F39 /* PBXContainerItemProxy */ = {
			isa = PBXContainerItemProxy;
			containerPortal = 08FB7793FE84155DC02AAC07 /* Project object */;
			proxyType = 1;
			remoteGlobalIDString = 32535EF30FAAF75D00197F39;
			remoteInfo = "Doxygen documentation";
		};
/* End PBXContainerItemProxy section */

/* Begin PBXCopyFilesBuildPhase section */
		8DD76F690486A84900D96B5E /* CopyFiles */ = {
			isa = PBXCopyFilesBuildPhase;
			buildActionMask = 8;
			dstPath = /usr/share/man/man1/;
			dstSubfolderSpec = 0;
			files = (
			);
			runOnlyForDeploymentPostprocessing = 1;
		};
/* End PBXCopyFilesBuildPhase section */

/* Begin PBXFileReference section */
		320F250E0FBCCAED00E198D1 /* poc_primary_types_def.h */ = {isa = PBXFileReference; fileEncoding = 4; lastKnownFileType = sourcecode.c.h; path = poc_primary_types_def.h; sourceTree = "<group>"; };
		320F250F0FBCCAF900E198D1 /* poc_primary_types_undef.h */ = {isa = PBXFileReference; fileEncoding = 4; lastKnownFileType = sourcecode.c.h; path = poc_primary_types_undef.h; sourceTree = "<group>"; };
		320F25110FBCCCCB00E198D1 /* poc_primary_types_lang_compiler_data_model_undef.h */ = {isa = PBXFileReference; fileEncoding = 4; lastKnownFileType = sourcecode.c.h; path = poc_primary_types_lang_compiler_data_model_undef.h; sourceTree = "<group>"; };
		320F26040FBDA87500E198D1 /* poc_opencl_extensions.h */ = {isa = PBXFileReference; fileEncoding = 4; lastKnownFileType = sourcecode.c.h; path = poc_opencl_extensions.h; sourceTree = "<group>"; };
		320F26180FBE0D4700E198D1 /* poc_opencl_extensions_def.h */ = {isa = PBXFileReference; fileEncoding = 4; lastKnownFileType = sourcecode.c.h; path = poc_opencl_extensions_def.h; sourceTree = "<group>"; };
		320F26190FBE0D5D00E198D1 /* poc_opencl_extensions_undef.h */ = {isa = PBXFileReference; fileEncoding = 4; lastKnownFileType = sourcecode.c.h; path = poc_opencl_extensions_undef.h; sourceTree = "<group>"; };
		320F26420FBEE83600E198D1 /* poc_primary_types_cpp_compile_time_checks.h */ = {isa = PBXFileReference; fileEncoding = 4; lastKnownFileType = sourcecode.c.h; path = poc_primary_types_cpp_compile_time_checks.h; sourceTree = "<group>"; };
		320F26A00FBF1FEA00E198D1 /* poc_tests.h */ = {isa = PBXFileReference; fileEncoding = 4; lastKnownFileType = sourcecode.c.h; path = poc_tests.h; sourceTree = "<group>"; };
		320F26A10FBF1FEA00E198D1 /* poc_tests.c */ = {isa = PBXFileReference; fileEncoding = 4; lastKnownFileType = sourcecode.c.c; path = poc_tests.c; sourceTree = "<group>"; };
		322D153B10A8684D0043C140 /* compiler_warnings.xcconfig */ = {isa = PBXFileReference; fileEncoding = 4; lastKnownFileType = text.xcconfig; path = compiler_warnings.xcconfig; sourceTree = "<group>"; };
		322D153C10A8686A0043C140 /* poc.xcconfig */ = {isa = PBXFileReference; fileEncoding = 4; lastKnownFileType = text.xcconfig; path = poc.xcconfig; sourceTree = "<group>"; };
		322D153D10A869210043C140 /* poc_diagnose_c.xcconfig */ = {isa = PBXFileReference; fileEncoding = 4; lastKnownFileType = text.xcconfig; path = poc_diagnose_c.xcconfig; sourceTree = "<group>"; };
		322D153E10A869470043C140 /* poc_diagnose_c_gcc_ansi_c.xcconfig */ = {isa = PBXFileReference; fileEncoding = 4; lastKnownFileType = text.xcconfig; path = poc_diagnose_c_gcc_ansi_c.xcconfig; sourceTree = "<group>"; };
		322D153F10A869580043C140 /* poc_diagnose_cpp.xcconfig */ = {isa = PBXFileReference; fileEncoding = 4; lastKnownFileType = text.xcconfig; path = poc_diagnose_cpp.xcconfig; sourceTree = "<group>"; };
		322D154010A869660043C140 /* poc_diagnose_objc.xcconfig */ = {isa = PBXFileReference; fileEncoding = 4; lastKnownFileType = text.xcconfig; path = poc_diagnose_objc.xcconfig; sourceTree = "<group>"; };
		324846B80FA314BD00784249 /* README.markdown */ = {isa = PBXFileReference; fileEncoding = 4; lastKnownFileType = text; name = README.markdown; path = ../../../README.markdown; sourceTree = SOURCE_ROOT; };
		324867C70FA3199500784249 /* poc.h */ = {isa = PBXFileReference; fileEncoding = 4; lastKnownFileType = sourcecode.c.h; path = poc.h; sourceTree = "<group>"; };
		324867C80FA31BA600784249 /* poc_os.h */ = {isa = PBXFileReference; fileEncoding = 4; lastKnownFileType = sourcecode.c.h; path = poc_os.h; sourceTree = "<group>"; };
		324867CC0FA34A3100784249 /* poc_arch.h */ = {isa = PBXFileReference; fileEncoding = 4; lastKnownFileType = sourcecode.c.h; path = poc_arch.h; sourceTree = "<group>"; };
		324867CD0FA34B0200784249 /* poc_os_undef.h */ = {isa = PBXFileReference; fileEncoding = 4; lastKnownFileType = sourcecode.c.h; path = poc_os_undef.h; sourceTree = "<group>"; };
		324867CE0FA34B0E00784249 /* poc_os_def.h */ = {isa = PBXFileReference; fileEncoding = 4; lastKnownFileType = sourcecode.c.h; path = poc_os_def.h; sourceTree = "<group>"; };
		324867D00FA34DD500784249 /* poc_def.h */ = {isa = PBXFileReference; fileEncoding = 4; lastKnownFileType = sourcecode.c.h; path = poc_def.h; sourceTree = "<group>"; };
		324867D20FA34E6700784249 /* poc_undef.h */ = {isa = PBXFileReference; fileEncoding = 4; lastKnownFileType = sourcecode.c.h; path = poc_undef.h; sourceTree = "<group>"; };
		324867D30FA34EA300784249 /* poc_arch_def.h */ = {isa = PBXFileReference; fileEncoding = 4; lastKnownFileType = sourcecode.c.h; path = poc_arch_def.h; sourceTree = "<group>"; };
		324867D40FA361D000784249 /* poc_arch_undef.h */ = {isa = PBXFileReference; fileEncoding = 4; lastKnownFileType = sourcecode.c.h; path = poc_arch_undef.h; sourceTree = "<group>"; };
		32532A6E0FA8AA6C00197F39 /* poc_diagnose_main.cpp */ = {isa = PBXFileReference; fileEncoding = 4; lastKnownFileType = sourcecode.cpp.cpp; path = poc_diagnose_main.cpp; sourceTree = "<group>"; };
		32532ACC0FA9B57200197F39 /* poc_diagnose_main.c */ = {isa = PBXFileReference; fileEncoding = 4; lastKnownFileType = sourcecode.c.c; path = poc_diagnose_main.c; sourceTree = "<group>"; };
		32532AD00FA9B59F00197F39 /* poc_diagnose_c */ = {isa = PBXFileReference; explicitFileType = "compiled.mach-o.executable"; includeInIndex = 0; path = poc_diagnose_c; sourceTree = BUILT_PRODUCTS_DIR; };
		32532AD80FA9B5CF00197F39 /* poc_diagnose_cpp */ = {isa = PBXFileReference; explicitFileType = "compiled.mach-o.executable"; includeInIndex = 0; path = poc_diagnose_cpp; sourceTree = BUILT_PRODUCTS_DIR; };
		32532B550FA9CD7E00197F39 /* poc_diagnose_main_objc.m */ = {isa = PBXFileReference; fileEncoding = 4; lastKnownFileType = sourcecode.c.objc; path = poc_diagnose_main_objc.m; sourceTree = "<group>"; };
		32532B590FA9CDB600197F39 /* poc_diagnose_objc */ = {isa = PBXFileReference; explicitFileType = "compiled.mach-o.executable"; includeInIndex = 0; path = poc_diagnose_objc; sourceTree = BUILT_PRODUCTS_DIR; };
		32532D440FAA5ABA00197F39 /* LICENSE.txt */ = {isa = PBXFileReference; fileEncoding = 4; lastKnownFileType = text; name = LICENSE.txt; path = ../../../LICENSE.txt; sourceTree = SOURCE_ROOT; };
		32532E070FAAF68F00197F39 /* Doxyfile */ = {isa = PBXFileReference; fileEncoding = 4; lastKnownFileType = text; path = Doxyfile; sourceTree = "<group>"; };
		32533E750FAAF6F800197F39 /* html */ = {isa = PBXFileReference; lastKnownFileType = folder; path = html; sourceTree = "<group>"; };
		3253610F0FACA1BB00197F39 /* special_doxygen_documentation.dox */ = {isa = PBXFileReference; fileEncoding = 4; lastKnownFileType = text; path = special_doxygen_documentation.dox; sourceTree = "<group>"; };
		325361A40FADB8E100197F39 /* how_to_publish_poc.txt */ = {isa = PBXFileReference; fileEncoding = 4; lastKnownFileType = text; path = how_to_publish_poc.txt; sourceTree = "<group>"; };
		325361A80FADBB3C00197F39 /* poc_diagnose_c_gcc_ansi_c */ = {isa = PBXFileReference; explicitFileType = "compiled.mach-o.executable"; includeInIndex = 0; path = poc_diagnose_c_gcc_ansi_c; sourceTree = BUILT_PRODUCTS_DIR; };
		325363AC0FB0599000197F39 /* how_to_extend_poc.txt */ = {isa = PBXFileReference; fileEncoding = 4; lastKnownFileType = text; path = how_to_extend_poc.txt; sourceTree = "<group>"; };
		325364E80FB0AC4C00197F39 /* poc_data_model_cpp_compile_time_checks.h */ = {isa = PBXFileReference; fileEncoding = 4; lastKnownFileType = sourcecode.c.h; path = poc_data_model_cpp_compile_time_checks.h; sourceTree = "<group>"; };
		32A9B6120FA5C26900FF0967 /* poc_compiler.h */ = {isa = PBXFileReference; fileEncoding = 4; lastKnownFileType = sourcecode.c.h; path = poc_compiler.h; sourceTree = "<group>"; };
		32A9B6130FA5C27400FF0967 /* poc_compiler_def.h */ = {isa = PBXFileReference; fileEncoding = 4; lastKnownFileType = sourcecode.c.h; path = poc_compiler_def.h; sourceTree = "<group>"; };
		32A9B6140FA5C27F00FF0967 /* poc_compiler_undef.h */ = {isa = PBXFileReference; fileEncoding = 4; lastKnownFileType = sourcecode.c.h; path = poc_compiler_undef.h; sourceTree = "<group>"; };
		32A9B6160FA5F83100FF0967 /* poc_data_model.h */ = {isa = PBXFileReference; fileEncoding = 4; lastKnownFileType = sourcecode.c.h; path = poc_data_model.h; sourceTree = "<group>"; };
		32A9B6170FA5F83900FF0967 /* poc_data_model_def.h */ = {isa = PBXFileReference; fileEncoding = 4; lastKnownFileType = sourcecode.c.h; path = poc_data_model_def.h; sourceTree = "<group>"; };
		32A9B6180FA5F84400FF0967 /* poc_data_model_os_arch_lang_undef.h */ = {isa = PBXFileReference; fileEncoding = 4; lastKnownFileType = sourcecode.c.h; path = poc_data_model_os_arch_lang_undef.h; sourceTree = "<group>"; };
		32A9B6190FA609E000FF0967 /* poc_preprocessor_utilities.h */ = {isa = PBXFileReference; fileEncoding = 4; lastKnownFileType = sourcecode.c.h; path = poc_preprocessor_utilities.h; sourceTree = "<group>"; };
		32A9B61A0FA609F700FF0967 /* poc_static_assert.h */ = {isa = PBXFileReference; fileEncoding = 4; lastKnownFileType = sourcecode.c.h; path = poc_static_assert.h; sourceTree = "<group>"; };
		32A9B61B0FA60CFE00FF0967 /* poc_preprocessor_utilities_def.h */ = {isa = PBXFileReference; fileEncoding = 4; lastKnownFileType = sourcecode.c.h; path = poc_preprocessor_utilities_def.h; sourceTree = "<group>"; };
		32A9B61C0FA60D6100FF0967 /* poc_preprocessor_utilities_undef.h */ = {isa = PBXFileReference; fileEncoding = 4; lastKnownFileType = sourcecode.c.h; path = poc_preprocessor_utilities_undef.h; sourceTree = "<group>"; };
		32A9B61D0FA60DF500FF0967 /* poc_static_assert_def.h */ = {isa = PBXFileReference; fileEncoding = 4; lastKnownFileType = sourcecode.c.h; path = poc_static_assert_def.h; sourceTree = "<group>"; };
		32A9B61E0FA60F4B00FF0967 /* poc_static_assert_undef.h */ = {isa = PBXFileReference; fileEncoding = 4; lastKnownFileType = sourcecode.c.h; path = poc_static_assert_undef.h; sourceTree = "<group>"; };
		32A9B6250FA63F2D00FF0967 /* poc_endian.h */ = {isa = PBXFileReference; fileEncoding = 4; lastKnownFileType = sourcecode.c.h; path = poc_endian.h; sourceTree = "<group>"; };
		32A9B6260FA63F2D00FF0967 /* poc_endian_def.h */ = {isa = PBXFileReference; fileEncoding = 4; lastKnownFileType = sourcecode.c.h; path = poc_endian_def.h; sourceTree = "<group>"; };
		32A9B6270FA63F2D00FF0967 /* poc_endian_arch_undef.h */ = {isa = PBXFileReference; fileEncoding = 4; lastKnownFileType = sourcecode.c.h; path = poc_endian_arch_undef.h; sourceTree = "<group>"; };
		32A9B6280FA6452800FF0967 /* poc_data_model_undef.h */ = {isa = PBXFileReference; fileEncoding = 4; lastKnownFileType = sourcecode.c.h; path = poc_data_model_undef.h; sourceTree = "<group>"; };
		32A9B6290FA6455400FF0967 /* poc_endian_undef.h */ = {isa = PBXFileReference; fileEncoding = 4; lastKnownFileType = sourcecode.c.h; path = poc_endian_undef.h; sourceTree = "<group>"; };
		32A9B62A0FA6468D00FF0967 /* poc_lang.h */ = {isa = PBXFileReference; fileEncoding = 4; lastKnownFileType = sourcecode.c.h; path = poc_lang.h; sourceTree = "<group>"; };
		32A9B62B0FA6469100FF0967 /* poc_lang_def.h */ = {isa = PBXFileReference; fileEncoding = 4; lastKnownFileType = sourcecode.c.h; path = poc_lang_def.h; sourceTree = "<group>"; };
		32A9B62C0FA6469E00FF0967 /* poc_lang_undef.h */ = {isa = PBXFileReference; fileEncoding = 4; lastKnownFileType = sourcecode.c.h; path = poc_lang_undef.h; sourceTree = "<group>"; };
		32A9B62D0FA646D600FF0967 /* poc_lang_compiler_undef.h */ = {isa = PBXFileReference; fileEncoding = 4; lastKnownFileType = sourcecode.c.h; path = poc_lang_compiler_undef.h; sourceTree = "<group>"; };
		32A9B62E0FA6471D00FF0967 /* poc_posix.h */ = {isa = PBXFileReference; fileEncoding = 4; lastKnownFileType = sourcecode.c.h; path = poc_posix.h; sourceTree = "<group>"; };
		32A9B62F0FA700D200FF0967 /* poc_portability_macros.h */ = {isa = PBXFileReference; fileEncoding = 4; lastKnownFileType = sourcecode.c.h; path = poc_portability_macros.h; sourceTree = "<group>"; };
		32A9B6300FA7027D00FF0967 /* poc_portability_macros_def.h */ = {isa = PBXFileReference; fileEncoding = 4; lastKnownFileType = sourcecode.c.h; path = poc_portability_macros_def.h; sourceTree = "<group>"; };
		32A9B6310FA702A600FF0967 /* poc_portability_macros_undef.h */ = {isa = PBXFileReference; fileEncoding = 4; lastKnownFileType = sourcecode.c.h; path = poc_portability_macros_undef.h; sourceTree = "<group>"; };
		32A9B6320FA702B600FF0967 /* poc_portability_macros_compiler_lang_undef.h */ = {isa = PBXFileReference; fileEncoding = 4; lastKnownFileType = sourcecode.c.h; path = poc_portability_macros_compiler_lang_undef.h; sourceTree = "<group>"; };
		32ADA94D0FBAEFD000D48693 /* poc_primary_types.h */ = {isa = PBXFileReference; fileEncoding = 4; lastKnownFileType = sourcecode.c.h; path = poc_primary_types.h; sourceTree = "<group>"; };
		8DD76F6C0486A84900D96B5E /* poc */ = {isa = PBXFileReference; explicitFileType = "compiled.mach-o.executable"; includeInIndex = 0; path = poc; sourceTree = BUILT_PRODUCTS_DIR; };
		C6859E8B029090EE04C91782 /* poc.1 */ = {isa = PBXFileReference; lastKnownFileType = text.man; path = poc.1; sourceTree = "<group>"; };
/* End PBXFileReference section */

/* Begin PBXFrameworksBuildPhase section */
		32532ACE0FA9B59F00197F39 /* Frameworks */ = {
			isa = PBXFrameworksBuildPhase;
			buildActionMask = 2147483647;
			files = (
			);
			runOnlyForDeploymentPostprocessing = 0;
		};
		32532AD60FA9B5CF00197F39 /* Frameworks */ = {
			isa = PBXFrameworksBuildPhase;
			buildActionMask = 2147483647;
			files = (
			);
			runOnlyForDeploymentPostprocessing = 0;
		};
		32532B570FA9CDB600197F39 /* Frameworks */ = {
			isa = PBXFrameworksBuildPhase;
			buildActionMask = 2147483647;
			files = (
			);
			runOnlyForDeploymentPostprocessing = 0;
		};
		325361A60FADBB3C00197F39 /* Frameworks */ = {
			isa = PBXFrameworksBuildPhase;
			buildActionMask = 2147483647;
			files = (
			);
			runOnlyForDeploymentPostprocessing = 0;
		};
		8DD76F660486A84900D96B5E /* Frameworks */ = {
			isa = PBXFrameworksBuildPhase;
			buildActionMask = 2147483647;
			files = (
			);
			runOnlyForDeploymentPostprocessing = 0;
		};
/* End PBXFrameworksBuildPhase section */

/* Begin PBXGroup section */
		08FB7794FE84155DC02AAC07 /* poc */ = {
			isa = PBXGroup;
			children = (
				08FB7795FE84155DC02AAC07 /* Source */,
				C6859E8C029090F304C91782 /* Documentation */,
				324846B00FA3148800784249 /* Xcode Specific */,
				1AB674ADFE9D54B511CA2CBB /* Products */,
			);
			name = poc;
			sourceTree = "<group>";
		};
		08FB7795FE84155DC02AAC07 /* Source */ = {
			isa = PBXGroup;
			children = (
				324846B90FA3151900784249 /* src */,
			);
			name = Source;
			sourceTree = "<group>";
		};
		1AB674ADFE9D54B511CA2CBB /* Products */ = {
			isa = PBXGroup;
			children = (
				8DD76F6C0486A84900D96B5E /* poc */,
				32532AD00FA9B59F00197F39 /* poc_diagnose_c */,
				325361A80FADBB3C00197F39 /* poc_diagnose_c_gcc_ansi_c */,
				32532AD80FA9B5CF00197F39 /* poc_diagnose_cpp */,
				32532B590FA9CDB600197F39 /* poc_diagnose_objc */,
			);
			name = Products;
			sourceTree = "<group>";
		};
		322D153A10A8681C0043C140 /* Configuration Settings */ = {
			isa = PBXGroup;
			children = (
				322D153B10A8684D0043C140 /* compiler_warnings.xcconfig */,
				322D153C10A8686A0043C140 /* poc.xcconfig */,
				322D153D10A869210043C140 /* poc_diagnose_c.xcconfig */,
				322D153E10A869470043C140 /* poc_diagnose_c_gcc_ansi_c.xcconfig */,
				322D153F10A869580043C140 /* poc_diagnose_cpp.xcconfig */,
				322D154010A869660043C140 /* poc_diagnose_objc.xcconfig */,
			);
			name = "Configuration Settings";
			sourceTree = "<group>";
		};
		324846B00FA3148800784249 /* Xcode Specific */ = {
			isa = PBXGroup;
			children = (
				322D153A10A8681C0043C140 /* Configuration Settings */,
				C6859E8B029090EE04C91782 /* poc.1 */,
			);
			name = "Xcode Specific";
			sourceTree = "<group>";
		};
		324846B90FA3151900784249 /* src */ = {
			isa = PBXGroup;
			children = (
				32532A6D0FA8A9CE00197F39 /* poc_diagnose */,
				324846BA0FA3151900784249 /* poc */,
			);
			name = src;
			path = ../../../src;
			sourceTree = SOURCE_ROOT;
		};
		324846BA0FA3151900784249 /* poc */ = {
			isa = PBXGroup;
			children = (
				324867C70FA3199500784249 /* poc.h */,
				324867D00FA34DD500784249 /* poc_def.h */,
				324867D20FA34E6700784249 /* poc_undef.h */,
				324867CC0FA34A3100784249 /* poc_arch.h */,
				324867D30FA34EA300784249 /* poc_arch_def.h */,
				324867D40FA361D000784249 /* poc_arch_undef.h */,
				32A9B6120FA5C26900FF0967 /* poc_compiler.h */,
				32A9B6130FA5C27400FF0967 /* poc_compiler_def.h */,
				32A9B6140FA5C27F00FF0967 /* poc_compiler_undef.h */,
				32A9B6160FA5F83100FF0967 /* poc_data_model.h */,
				32A9B6170FA5F83900FF0967 /* poc_data_model_def.h */,
				32A9B6280FA6452800FF0967 /* poc_data_model_undef.h */,
				32A9B6180FA5F84400FF0967 /* poc_data_model_os_arch_lang_undef.h */,
				325364E80FB0AC4C00197F39 /* poc_data_model_cpp_compile_time_checks.h */,
				32A9B6250FA63F2D00FF0967 /* poc_endian.h */,
				32A9B6260FA63F2D00FF0967 /* poc_endian_def.h */,
				32A9B6290FA6455400FF0967 /* poc_endian_undef.h */,
				32A9B6270FA63F2D00FF0967 /* poc_endian_arch_undef.h */,
				32A9B62A0FA6468D00FF0967 /* poc_lang.h */,
				32A9B62B0FA6469100FF0967 /* poc_lang_def.h */,
				32A9B62C0FA6469E00FF0967 /* poc_lang_undef.h */,
				32A9B62D0FA646D600FF0967 /* poc_lang_compiler_undef.h */,
				324867C80FA31BA600784249 /* poc_os.h */,
				324867CE0FA34B0E00784249 /* poc_os_def.h */,
				324867CD0FA34B0200784249 /* poc_os_undef.h */,
				32A9B62E0FA6471D00FF0967 /* poc_posix.h */,
				32A9B61A0FA609F700FF0967 /* poc_static_assert.h */,
				32A9B61D0FA60DF500FF0967 /* poc_static_assert_def.h */,
				32A9B61E0FA60F4B00FF0967 /* poc_static_assert_undef.h */,
				32A9B6190FA609E000FF0967 /* poc_preprocessor_utilities.h */,
				32A9B61B0FA60CFE00FF0967 /* poc_preprocessor_utilities_def.h */,
				32A9B61C0FA60D6100FF0967 /* poc_preprocessor_utilities_undef.h */,
				32A9B62F0FA700D200FF0967 /* poc_portability_macros.h */,
				32A9B6300FA7027D00FF0967 /* poc_portability_macros_def.h */,
				32A9B6310FA702A600FF0967 /* poc_portability_macros_undef.h */,
				32A9B6320FA702B600FF0967 /* poc_portability_macros_compiler_lang_undef.h */,
				32ADA94D0FBAEFD000D48693 /* poc_primary_types.h */,
				320F250E0FBCCAED00E198D1 /* poc_primary_types_def.h */,
				320F250F0FBCCAF900E198D1 /* poc_primary_types_undef.h */,
				320F25110FBCCCCB00E198D1 /* poc_primary_types_lang_compiler_data_model_undef.h */,
				320F26420FBEE83600E198D1 /* poc_primary_types_cpp_compile_time_checks.h */,
				320F26040FBDA87500E198D1 /* poc_opencl_extensions.h */,
				320F26180FBE0D4700E198D1 /* poc_opencl_extensions_def.h */,
				320F26190FBE0D5D00E198D1 /* poc_opencl_extensions_undef.h */,
			);
			path = poc;
			sourceTree = "<group>";
		};
		32532A6D0FA8A9CE00197F39 /* poc_diagnose */ = {
			isa = PBXGroup;
			children = (
				32532ACC0FA9B57200197F39 /* poc_diagnose_main.c */,
				32532A6E0FA8AA6C00197F39 /* poc_diagnose_main.cpp */,
				32532B550FA9CD7E00197F39 /* poc_diagnose_main_objc.m */,
				320F26A00FBF1FEA00E198D1 /* poc_tests.h */,
				320F26A10FBF1FEA00E198D1 /* poc_tests.c */,
			);
			path = poc_diagnose;
			sourceTree = "<group>";
		};
		32532E050FAAF68F00197F39 /* doc */ = {
			isa = PBXGroup;
			children = (
				325361A30FADB8C800197F39 /* notes */,
				32533E750FAAF6F800197F39 /* html */,
				32532E060FAAF68F00197F39 /* doxygen */,
			);
			name = doc;
			path = ../../../doc;
			sourceTree = SOURCE_ROOT;
		};
		32532E060FAAF68F00197F39 /* doxygen */ = {
			isa = PBXGroup;
			children = (
				32532E070FAAF68F00197F39 /* Doxyfile */,
				3253610F0FACA1BB00197F39 /* special_doxygen_documentation.dox */,
			);
			path = doxygen;
			sourceTree = "<group>";
		};
		325361A30FADB8C800197F39 /* notes */ = {
			isa = PBXGroup;
			children = (
				325361A40FADB8E100197F39 /* how_to_publish_poc.txt */,
				325363AC0FB0599000197F39 /* how_to_extend_poc.txt */,
			);
			path = notes;
			sourceTree = "<group>";
		};
		C6859E8C029090F304C91782 /* Documentation */ = {
			isa = PBXGroup;
			children = (
				32532E050FAAF68F00197F39 /* doc */,
				324846B80FA314BD00784249 /* README.markdown */,
				32532D440FAA5ABA00197F39 /* LICENSE.txt */,
			);
			name = Documentation;
			sourceTree = "<group>";
		};
/* End PBXGroup section */

/* Begin PBXNativeTarget section */
		32532ACF0FA9B59F00197F39 /* poc_diagnose_c */ = {
			isa = PBXNativeTarget;
			buildConfigurationList = 32532AD40FA9B5C100197F39 /* Build configuration list for PBXNativeTarget "poc_diagnose_c" */;
			buildPhases = (
				32532ACD0FA9B59F00197F39 /* Sources */,
				32532ACE0FA9B59F00197F39 /* Frameworks */,
			);
			buildRules = (
			);
			dependencies = (
			);
			name = poc_diagnose_c;
			productName = poc_diagnose_c;
			productReference = 32532AD00FA9B59F00197F39 /* poc_diagnose_c */;
			productType = "com.apple.product-type.tool";
		};
		32532AD70FA9B5CF00197F39 /* poc_diagnose_cpp */ = {
			isa = PBXNativeTarget;
			buildConfigurationList = 32532ADF0FA9B5FF00197F39 /* Build configuration list for PBXNativeTarget "poc_diagnose_cpp" */;
			buildPhases = (
				32532AD50FA9B5CF00197F39 /* Sources */,
				32532AD60FA9B5CF00197F39 /* Frameworks */,
			);
			buildRules = (
			);
			dependencies = (
			);
			name = poc_diagnose_cpp;
			productName = poc_diagnose_cpp;
			productReference = 32532AD80FA9B5CF00197F39 /* poc_diagnose_cpp */;
			productType = "com.apple.product-type.tool";
		};
		32532B580FA9CDB600197F39 /* poc_diagnose_objc */ = {
			isa = PBXNativeTarget;
			buildConfigurationList = 32532B5D0FA9CDD900197F39 /* Build configuration list for PBXNativeTarget "poc_diagnose_objc" */;
			buildPhases = (
				32532B560FA9CDB600197F39 /* Sources */,
				32532B570FA9CDB600197F39 /* Frameworks */,
			);
			buildRules = (
			);
			dependencies = (
			);
			name = poc_diagnose_objc;
			productName = poc_diagnose_objc;
			productReference = 32532B590FA9CDB600197F39 /* poc_diagnose_objc */;
			productType = "com.apple.product-type.tool";
		};
		325361A70FADBB3C00197F39 /* poc_diagnose_c_gcc_ansi_c */ = {
			isa = PBXNativeTarget;
			buildConfigurationList = 325361AC0FADBB6000197F39 /* Build configuration list for PBXNativeTarget "poc_diagnose_c_gcc_ansi_c" */;
			buildPhases = (
				325361A50FADBB3C00197F39 /* Sources */,
				325361A60FADBB3C00197F39 /* Frameworks */,
			);
			buildRules = (
			);
			comments = "Generates an executable from poc_diagnose_main..c using the most up to date GNU GCC compiler with the language setting ANSI C.";
			dependencies = (
			);
			name = poc_diagnose_c_gcc_ansi_c;
			productName = poc_diagnose_c_gcc_ansi_c;
			productReference = 325361A80FADBB3C00197F39 /* poc_diagnose_c_gcc_ansi_c */;
			productType = "com.apple.product-type.tool";
		};
		8DD76F620486A84900D96B5E /* poc */ = {
			isa = PBXNativeTarget;
			buildConfigurationList = 1DEB923108733DC60010E9CD /* Build configuration list for PBXNativeTarget "poc" */;
			buildPhases = (
				8DD76F640486A84900D96B5E /* Sources */,
				8DD76F660486A84900D96B5E /* Frameworks */,
				8DD76F690486A84900D96B5E /* CopyFiles */,
			);
			buildRules = (
			);
			dependencies = (
			);
			name = poc;
			productInstallPath = "$(HOME)/bin";
			productName = poc;
			productReference = 8DD76F6C0486A84900D96B5E /* poc */;
			productType = "com.apple.product-type.tool";
		};
/* End PBXNativeTarget section */

/* Begin PBXProject section */
		08FB7793FE84155DC02AAC07 /* Project object */ = {
			isa = PBXProject;
			buildConfigurationList = 1DEB923508733DC60010E9CD /* Build configuration list for PBXProject "poc" */;
			compatibilityVersion = "Xcode 3.2";
			hasScannedForEncodings = 1;
			mainGroup = 08FB7794FE84155DC02AAC07 /* poc */;
			projectDirPath = "";
			projectRoot = "";
			targets = (
				8DD76F620486A84900D96B5E /* poc */,
				32532ACF0FA9B59F00197F39 /* poc_diagnose_c */,
				325361A70FADBB3C00197F39 /* poc_diagnose_c_gcc_ansi_c */,
				32532AD70FA9B5CF00197F39 /* poc_diagnose_cpp */,
				32532B580FA9CDB600197F39 /* poc_diagnose_objc */,
				32535EF30FAAF75D00197F39 /* Doxygen documentation */,
				325365510FB0C97C00197F39 /* All */,
			);
		};
/* End PBXProject section */

/* Begin PBXShellScriptBuildPhase section */
		32535EF20FAAF75D00197F39 /* ShellScript */ = {
			isa = PBXShellScriptBuildPhase;
			buildActionMask = 2147483647;
			files = (
			);
			inputPaths = (
			);
			outputPaths = (
			);
			runOnlyForDeploymentPostprocessing = 0;
			shellPath = /bin/sh;
			shellScript = "# shell script goes here\n# Change to project root directory\ncd ${SRCROOT}/../../../\n# Run Doxygen from the project root to enable relative paths in the Doxyfile\ndoxygen doc/Doxygen/Doxyfile\nexit 0";
			showEnvVarsInLog = 0;
		};
/* End PBXShellScriptBuildPhase section */

/* Begin PBXSourcesBuildPhase section */
		32532ACD0FA9B59F00197F39 /* Sources */ = {
			isa = PBXSourcesBuildPhase;
			buildActionMask = 2147483647;
			files = (
				32532ADD0FA9B5E100197F39 /* poc_diagnose_main.c in Sources */,
				320F26A20FBF1FEA00E198D1 /* poc_tests.c in Sources */,
			);
			runOnlyForDeploymentPostprocessing = 0;
		};
		32532AD50FA9B5CF00197F39 /* Sources */ = {
			isa = PBXSourcesBuildPhase;
			buildActionMask = 2147483647;
			files = (
				32532ADC0FA9B5DB00197F39 /* poc_diagnose_main.cpp in Sources */,
				320F26A40FBF1FEA00E198D1 /* poc_tests.c in Sources */,
			);
			runOnlyForDeploymentPostprocessing = 0;
		};
		32532B560FA9CDB600197F39 /* Sources */ = {
			isa = PBXSourcesBuildPhase;
			buildActionMask = 2147483647;
			files = (
				32532B5E0FA9CDED00197F39 /* poc_diagnose_main_objc.m in Sources */,
				320F26A50FBF1FEA00E198D1 /* poc_tests.c in Sources */,
			);
			runOnlyForDeploymentPostprocessing = 0;
		};
		325361A50FADBB3C00197F39 /* Sources */ = {
			isa = PBXSourcesBuildPhase;
			buildActionMask = 2147483647;
			files = (
				325361AD0FADBB9E00197F39 /* poc_diagnose_main.c in Sources */,
				320F26A30FBF1FEA00E198D1 /* poc_tests.c in Sources */,
			);
			runOnlyForDeploymentPostprocessing = 0;
		};
		8DD76F640486A84900D96B5E /* Sources */ = {
			isa = PBXSourcesBuildPhase;
			buildActionMask = 2147483647;
			files = (
			);
			runOnlyForDeploymentPostprocessing = 0;
		};
/* End PBXSourcesBuildPhase section */

/* Begin PBXTargetDependency section */
		325365550FB0C98400197F39 /* PBXTargetDependency */ = {
			isa = PBXTargetDependency;
			target = 32532ACF0FA9B59F00197F39 /* poc_diagnose_c */;
			targetProxy = 325365540FB0C98400197F39 /* PBXContainerItemProxy */;
		};
		325365570FB0C98800197F39 /* PBXTargetDependency */ = {
			isa = PBXTargetDependency;
			target = 325361A70FADBB3C00197F39 /* poc_diagnose_c_gcc_ansi_c */;
			targetProxy = 325365560FB0C98800197F39 /* PBXContainerItemProxy */;
		};
		325365590FB0C98B00197F39 /* PBXTargetDependency */ = {
			isa = PBXTargetDependency;
			target = 32532AD70FA9B5CF00197F39 /* poc_diagnose_cpp */;
			targetProxy = 325365580FB0C98B00197F39 /* PBXContainerItemProxy */;
		};
		3253655B0FB0C98D00197F39 /* PBXTargetDependency */ = {
			isa = PBXTargetDependency;
			target = 32532B580FA9CDB600197F39 /* poc_diagnose_objc */;
			targetProxy = 3253655A0FB0C98D00197F39 /* PBXContainerItemProxy */;
		};
		3253655D0FB0C99000197F39 /* PBXTargetDependency */ = {
			isa = PBXTargetDependency;
			target = 32535EF30FAAF75D00197F39 /* Doxygen documentation */;
			targetProxy = 3253655C0FB0C99000197F39 /* PBXContainerItemProxy */;
		};
/* End PBXTargetDependency section */

/* Begin XCBuildConfiguration section */
		1DEB923208733DC60010E9CD /* Debug */ = {
			isa = XCBuildConfiguration;
			buildSettings = {
				ALWAYS_SEARCH_USER_PATHS = NO;
				COPY_PHASE_STRIP = NO;
				GCC_DYNAMIC_NO_PIC = NO;
				GCC_ENABLE_FIX_AND_CONTINUE = YES;
				GCC_MODEL_TUNING = G5;
				GCC_OPTIMIZATION_LEVEL = 0;
				GCC_PREPROCESSOR_DEFINITIONS = (
					"_GLIBCXX_DEBUG=1",
					"_GLIBCXX_DEBUG_PEDANTIC=1",
				);
				INSTALL_PATH = /usr/local/bin;
				PRODUCT_NAME = poc;
			};
			name = Debug;
		};
		1DEB923308733DC60010E9CD /* Release */ = {
			isa = XCBuildConfiguration;
			buildSettings = {
				ALWAYS_SEARCH_USER_PATHS = NO;
				DEBUG_INFORMATION_FORMAT = "dwarf-with-dsym";
				GCC_MODEL_TUNING = G5;
				INSTALL_PATH = /usr/local/bin;
				PRODUCT_NAME = poc;
			};
			name = Release;
		};
		1DEB923608733DC60010E9CD /* Debug */ = {
			isa = XCBuildConfiguration;
			baseConfigurationReference = 322D153C10A8686A0043C140 /* poc.xcconfig */;
			buildSettings = {
			};
			name = Debug;
		};
		1DEB923708733DC60010E9CD /* Release */ = {
			isa = XCBuildConfiguration;
			baseConfigurationReference = 322D153C10A8686A0043C140 /* poc.xcconfig */;
			buildSettings = {
			};
			name = Release;
		};
		32532AD20FA9B5A300197F39 /* Debug */ = {
			isa = XCBuildConfiguration;
			baseConfigurationReference = 322D153D10A869210043C140 /* poc_diagnose_c.xcconfig */;
			buildSettings = {
			};
			name = Debug;
		};
		32532AD30FA9B5A300197F39 /* Release */ = {
			isa = XCBuildConfiguration;
			baseConfigurationReference = 322D153D10A869210043C140 /* poc_diagnose_c.xcconfig */;
			buildSettings = {
			};
			name = Release;
		};
		32532ADA0FA9B5D100197F39 /* Debug */ = {
			isa = XCBuildConfiguration;
			baseConfigurationReference = 322D153F10A869580043C140 /* poc_diagnose_cpp.xcconfig */;
			buildSettings = {
			};
			name = Debug;
		};
		32532ADB0FA9B5D100197F39 /* Release */ = {
			isa = XCBuildConfiguration;
			baseConfigurationReference = 322D153F10A869580043C140 /* poc_diagnose_cpp.xcconfig */;
			buildSettings = {
			};
			name = Release;
		};
		32532B5B0FA9CDBB00197F39 /* Debug */ = {
			isa = XCBuildConfiguration;
			baseConfigurationReference = 322D154010A869660043C140 /* poc_diagnose_objc.xcconfig */;
			buildSettings = {
			};
			name = Debug;
		};
		32532B5C0FA9CDBB00197F39 /* Release */ = {
			isa = XCBuildConfiguration;
			baseConfigurationReference = 322D154010A869660043C140 /* poc_diagnose_objc.xcconfig */;
			buildSettings = {
			};
			name = Release;
		};
		32535EF40FAAF76100197F39 /* Debug */ = {
			isa = XCBuildConfiguration;
			buildSettings = {
				COPY_PHASE_STRIP = NO;
				GCC_DYNAMIC_NO_PIC = NO;
				GCC_OPTIMIZATION_LEVEL = 0;
				PRODUCT_NAME = "Doxygen documentation";
			};
			name = Debug;
		};
		32535EF50FAAF76100197F39 /* Release */ = {
			isa = XCBuildConfiguration;
			buildSettings = {
				COPY_PHASE_STRIP = YES;
				DEBUG_INFORMATION_FORMAT = "dwarf-with-dsym";
				GCC_ENABLE_FIX_AND_CONTINUE = NO;
				PRODUCT_NAME = "Doxygen documentation";
				ZERO_LINK = NO;
			};
			name = Release;
		};
		325361AA0FADBB4200197F39 /* Debug */ = {
			isa = XCBuildConfiguration;
			baseConfigurationReference = 322D153E10A869470043C140 /* poc_diagnose_c_gcc_ansi_c.xcconfig */;
			buildSettings = {
			};
			name = Debug;
		};
		325361AB0FADBB4200197F39 /* Release */ = {
			isa = XCBuildConfiguration;
			baseConfigurationReference = 322D153E10A869470043C140 /* poc_diagnose_c_gcc_ansi_c.xcconfig */;
			buildSettings = {
			};
			name = Release;
		};
		325365520FB0C97E00197F39 /* Debug */ = {
			isa = XCBuildConfiguration;
			buildSettings = {
				COPY_PHASE_STRIP = NO;
				GCC_DYNAMIC_NO_PIC = NO;
				GCC_OPTIMIZATION_LEVEL = 0;
				PRODUCT_NAME = All;
			};
			name = Debug;
		};
		325365530FB0C97E00197F39 /* Release */ = {
			isa = XCBuildConfiguration;
			buildSettings = {
				COPY_PHASE_STRIP = YES;
				DEBUG_INFORMATION_FORMAT = "dwarf-with-dsym";
				GCC_ENABLE_FIX_AND_CONTINUE = NO;
				PRODUCT_NAME = All;
				ZERO_LINK = NO;
			};
			name = Release;
		};
/* End XCBuildConfiguration section */

/* Begin XCConfigurationList section */
		1DEB923108733DC60010E9CD /* Build configuration list for PBXNativeTarget "poc" */ = {
			isa = XCConfigurationList;
			buildConfigurations = (
				1DEB923208733DC60010E9CD /* Debug */,
				1DEB923308733DC60010E9CD /* Release */,
			);
			defaultConfigurationIsVisible = 0;
			defaultConfigurationName = Release;
		};
		1DEB923508733DC60010E9CD /* Build configuration list for PBXProject "poc" */ = {
			isa = XCConfigurationList;
			buildConfigurations = (
				1DEB923608733DC60010E9CD /* Debug */,
				1DEB923708733DC60010E9CD /* Release */,
			);
			defaultConfigurationIsVisible = 0;
			defaultConfigurationName = Release;
		};
		32532AD40FA9B5C100197F39 /* Build configuration list for PBXNativeTarget "poc_diagnose_c" */ = {
			isa = XCConfigurationList;
			buildConfigurations = (
				32532AD20FA9B5A300197F39 /* Debug */,
				32532AD30FA9B5A300197F39 /* Release */,
			);
			defaultConfigurationIsVisible = 0;
			defaultConfigurationName = Release;
		};
		32532ADF0FA9B5FF00197F39 /* Build configuration list for PBXNativeTarget "poc_diagnose_cpp" */ = {
			isa = XCConfigurationList;
			buildConfigurations = (
				32532ADA0FA9B5D100197F39 /* Debug */,
				32532ADB0FA9B5D100197F39 /* Release */,
			);
			defaultConfigurationIsVisible = 0;
			defaultConfigurationName = Release;
		};
		32532B5D0FA9CDD900197F39 /* Build configuration list for PBXNativeTarget "poc_diagnose_objc" */ = {
			isa = XCConfigurationList;
			buildConfigurations = (
				32532B5B0FA9CDBB00197F39 /* Debug */,
				32532B5C0FA9CDBB00197F39 /* Release */,
			);
			defaultConfigurationIsVisible = 0;
			defaultConfigurationName = Release;
		};
		32535EF60FAAF77F00197F39 /* Build configuration list for PBXAggregateTarget "Doxygen documentation" */ = {
			isa = XCConfigurationList;
			buildConfigurations = (
				32535EF40FAAF76100197F39 /* Debug */,
				32535EF50FAAF76100197F39 /* Release */,
			);
			defaultConfigurationIsVisible = 0;
			defaultConfigurationName = Release;
		};
		325361AC0FADBB6000197F39 /* Build configuration list for PBXNativeTarget "poc_diagnose_c_gcc_ansi_c" */ = {
			isa = XCConfigurationList;
			buildConfigurations = (
				325361AA0FADBB4200197F39 /* Debug */,
				325361AB0FADBB4200197F39 /* Release */,
			);
			defaultConfigurationIsVisible = 0;
			defaultConfigurationName = Release;
		};
		325365620FB0C9BE00197F39 /* Build configuration list for PBXAggregateTarget "All" */ = {
			isa = XCConfigurationList;
			buildConfigurations = (
				325365520FB0C97E00197F39 /* Debug */,
				325365530FB0C97E00197F39 /* Release */,
			);
			defaultConfigurationIsVisible = 0;
			defaultConfigurationName = Release;
		};
/* End XCConfigurationList section */
	};
	rootObject = 08FB7793FE84155DC02AAC07 /* Project object */;
}
