// !$*UTF8*$!
{
	archiveVersion = 1;
	classes = {
	};
	objectVersion = 45;
	objects = {

/* Begin PBXBuildFile section */
		32532ADC0FA9B5DB00197F39 /* poc_diagnose_main.cpp in Sources */ = {isa = PBXBuildFile; fileRef = 32532A6E0FA8AA6C00197F39 /* poc_diagnose_main.cpp */; };
		32532ADD0FA9B5E100197F39 /* poc_diagnose_main.c in Sources */ = {isa = PBXBuildFile; fileRef = 32532ACC0FA9B57200197F39 /* poc_diagnose_main.c */; };
		32532B5E0FA9CDED00197F39 /* poc_diagnose_main_objc.m in Sources */ = {isa = PBXBuildFile; fileRef = 32532B550FA9CD7E00197F39 /* poc_diagnose_main_objc.m */; };
/* End PBXBuildFile section */

/* Begin PBXCopyFilesBuildPhase section */
		8DD76F690486A84900D96B5E /* CopyFiles */ = {
			isa = PBXCopyFilesBuildPhase;
			buildActionMask = 8;
			dstPath = /usr/share/man/man1/;
			dstSubfolderSpec = 0;
			files = (
			);
			runOnlyForDeploymentPostprocessing = 1;
		};
/* End PBXCopyFilesBuildPhase section */

/* Begin PBXFileReference section */
		324846B80FA314BD00784249 /* README.txt */ = {isa = PBXFileReference; fileEncoding = 4; lastKnownFileType = text; name = README.txt; path = ../../README.txt; sourceTree = SOURCE_ROOT; };
		324867C70FA3199500784249 /* poc.h */ = {isa = PBXFileReference; fileEncoding = 4; lastKnownFileType = sourcecode.c.h; path = poc.h; sourceTree = "<group>"; };
		324867C80FA31BA600784249 /* poc_os.h */ = {isa = PBXFileReference; fileEncoding = 4; lastKnownFileType = sourcecode.c.h; path = poc_os.h; sourceTree = "<group>"; };
		324867CC0FA34A3100784249 /* poc_arch.h */ = {isa = PBXFileReference; fileEncoding = 4; lastKnownFileType = sourcecode.c.h; path = poc_arch.h; sourceTree = "<group>"; };
		324867CD0FA34B0200784249 /* poc_os_undef.h */ = {isa = PBXFileReference; fileEncoding = 4; lastKnownFileType = sourcecode.c.h; path = poc_os_undef.h; sourceTree = "<group>"; };
		324867CE0FA34B0E00784249 /* poc_os_def.h */ = {isa = PBXFileReference; fileEncoding = 4; lastKnownFileType = sourcecode.c.h; path = poc_os_def.h; sourceTree = "<group>"; };
		324867D00FA34DD500784249 /* poc_def.h */ = {isa = PBXFileReference; fileEncoding = 4; lastKnownFileType = sourcecode.c.h; path = poc_def.h; sourceTree = "<group>"; };
		324867D20FA34E6700784249 /* poc_undef.h */ = {isa = PBXFileReference; fileEncoding = 4; lastKnownFileType = sourcecode.c.h; path = poc_undef.h; sourceTree = "<group>"; };
		324867D30FA34EA300784249 /* poc_arch_def.h */ = {isa = PBXFileReference; fileEncoding = 4; lastKnownFileType = sourcecode.c.h; path = poc_arch_def.h; sourceTree = "<group>"; };
		324867D40FA361D000784249 /* poc_arch_undef.h */ = {isa = PBXFileReference; fileEncoding = 4; lastKnownFileType = sourcecode.c.h; path = poc_arch_undef.h; sourceTree = "<group>"; };
		32532A6E0FA8AA6C00197F39 /* poc_diagnose_main.cpp */ = {isa = PBXFileReference; fileEncoding = 4; lastKnownFileType = sourcecode.cpp.cpp; path = poc_diagnose_main.cpp; sourceTree = "<group>"; };
		32532ACC0FA9B57200197F39 /* poc_diagnose_main.c */ = {isa = PBXFileReference; fileEncoding = 4; lastKnownFileType = sourcecode.c.c; path = poc_diagnose_main.c; sourceTree = "<group>"; };
		32532AD00FA9B59F00197F39 /* poc_diagnose_c */ = {isa = PBXFileReference; explicitFileType = "compiled.mach-o.executable"; includeInIndex = 0; path = poc_diagnose_c; sourceTree = BUILT_PRODUCTS_DIR; };
		32532AD80FA9B5CF00197F39 /* poc_diagnose_cpp */ = {isa = PBXFileReference; explicitFileType = "compiled.mach-o.executable"; includeInIndex = 0; name = poc_diagnose_cpp; path = build/Debug/poc_diagnose_cpp; sourceTree = "<group>"; };
		32532B550FA9CD7E00197F39 /* poc_diagnose_main_objc.m */ = {isa = PBXFileReference; fileEncoding = 4; lastKnownFileType = sourcecode.c.objc; path = poc_diagnose_main_objc.m; sourceTree = "<group>"; };
		32532B590FA9CDB600197F39 /* poc_diagnose_objc */ = {isa = PBXFileReference; explicitFileType = "compiled.mach-o.executable"; includeInIndex = 0; name = poc_diagnose_objc; path = build/Debug/poc_diagnose_objc; sourceTree = "<group>"; };
		32532D440FAA5ABA00197F39 /* LICENSE.txt */ = {isa = PBXFileReference; fileEncoding = 4; lastKnownFileType = text; name = LICENSE.txt; path = ../../LICENSE.txt; sourceTree = SOURCE_ROOT; };
		32A9B6120FA5C26900FF0967 /* poc_compiler.h */ = {isa = PBXFileReference; fileEncoding = 4; lastKnownFileType = sourcecode.c.h; path = poc_compiler.h; sourceTree = "<group>"; };
		32A9B6130FA5C27400FF0967 /* poc_compiler_def.h */ = {isa = PBXFileReference; fileEncoding = 4; lastKnownFileType = sourcecode.c.h; path = poc_compiler_def.h; sourceTree = "<group>"; };
		32A9B6140FA5C27F00FF0967 /* poc_compiler_undef.h */ = {isa = PBXFileReference; fileEncoding = 4; lastKnownFileType = sourcecode.c.h; path = poc_compiler_undef.h; sourceTree = "<group>"; };
		32A9B6160FA5F83100FF0967 /* poc_data_model.h */ = {isa = PBXFileReference; fileEncoding = 4; lastKnownFileType = sourcecode.c.h; path = poc_data_model.h; sourceTree = "<group>"; };
		32A9B6170FA5F83900FF0967 /* poc_data_model_def.h */ = {isa = PBXFileReference; fileEncoding = 4; lastKnownFileType = sourcecode.c.h; path = poc_data_model_def.h; sourceTree = "<group>"; };
		32A9B6180FA5F84400FF0967 /* poc_data_model_os_arch_lang_undef.h */ = {isa = PBXFileReference; fileEncoding = 4; lastKnownFileType = sourcecode.c.h; path = poc_data_model_os_arch_lang_undef.h; sourceTree = "<group>"; };
		32A9B6190FA609E000FF0967 /* poc_preprocessor_utilities.h */ = {isa = PBXFileReference; fileEncoding = 4; lastKnownFileType = sourcecode.c.h; path = poc_preprocessor_utilities.h; sourceTree = "<group>"; };
		32A9B61A0FA609F700FF0967 /* poc_static_assert.h */ = {isa = PBXFileReference; fileEncoding = 4; lastKnownFileType = sourcecode.c.h; path = poc_static_assert.h; sourceTree = "<group>"; };
		32A9B61B0FA60CFE00FF0967 /* poc_preprocessor_utilities_def.h */ = {isa = PBXFileReference; fileEncoding = 4; lastKnownFileType = sourcecode.c.h; path = poc_preprocessor_utilities_def.h; sourceTree = "<group>"; };
		32A9B61C0FA60D6100FF0967 /* poc_preprocessor_utilities_undef.h */ = {isa = PBXFileReference; fileEncoding = 4; lastKnownFileType = sourcecode.c.h; path = poc_preprocessor_utilities_undef.h; sourceTree = "<group>"; };
		32A9B61D0FA60DF500FF0967 /* poc_static_assert_def.h */ = {isa = PBXFileReference; fileEncoding = 4; lastKnownFileType = sourcecode.c.h; path = poc_static_assert_def.h; sourceTree = "<group>"; };
		32A9B61E0FA60F4B00FF0967 /* poc_static_assert_undef.h */ = {isa = PBXFileReference; fileEncoding = 4; lastKnownFileType = sourcecode.c.h; path = poc_static_assert_undef.h; sourceTree = "<group>"; };
		32A9B6250FA63F2D00FF0967 /* poc_endian.h */ = {isa = PBXFileReference; fileEncoding = 4; lastKnownFileType = sourcecode.c.h; path = poc_endian.h; sourceTree = "<group>"; };
		32A9B6260FA63F2D00FF0967 /* poc_endian_def.h */ = {isa = PBXFileReference; fileEncoding = 4; lastKnownFileType = sourcecode.c.h; path = poc_endian_def.h; sourceTree = "<group>"; };
		32A9B6270FA63F2D00FF0967 /* poc_endian_arch_undef.h */ = {isa = PBXFileReference; fileEncoding = 4; lastKnownFileType = sourcecode.c.h; path = poc_endian_arch_undef.h; sourceTree = "<group>"; };
		32A9B6280FA6452800FF0967 /* poc_data_model_undef.h */ = {isa = PBXFileReference; fileEncoding = 4; lastKnownFileType = sourcecode.c.h; path = poc_data_model_undef.h; sourceTree = "<group>"; };
		32A9B6290FA6455400FF0967 /* poc_endian_undef.h */ = {isa = PBXFileReference; fileEncoding = 4; lastKnownFileType = sourcecode.c.h; path = poc_endian_undef.h; sourceTree = "<group>"; };
		32A9B62A0FA6468D00FF0967 /* poc_lang.h */ = {isa = PBXFileReference; fileEncoding = 4; lastKnownFileType = sourcecode.c.h; path = poc_lang.h; sourceTree = "<group>"; };
		32A9B62B0FA6469100FF0967 /* poc_lang_def.h */ = {isa = PBXFileReference; fileEncoding = 4; lastKnownFileType = sourcecode.c.h; path = poc_lang_def.h; sourceTree = "<group>"; };
		32A9B62C0FA6469E00FF0967 /* poc_lang_undef.h */ = {isa = PBXFileReference; fileEncoding = 4; lastKnownFileType = sourcecode.c.h; path = poc_lang_undef.h; sourceTree = "<group>"; };
		32A9B62D0FA646D600FF0967 /* poc_lang_compiler_undef.h */ = {isa = PBXFileReference; fileEncoding = 4; lastKnownFileType = sourcecode.c.h; path = poc_lang_compiler_undef.h; sourceTree = "<group>"; };
		32A9B62E0FA6471D00FF0967 /* poc_posix.h */ = {isa = PBXFileReference; fileEncoding = 4; lastKnownFileType = sourcecode.c.h; path = poc_posix.h; sourceTree = "<group>"; };
		32A9B62F0FA700D200FF0967 /* poc_portability_macros.h */ = {isa = PBXFileReference; fileEncoding = 4; lastKnownFileType = sourcecode.c.h; path = poc_portability_macros.h; sourceTree = "<group>"; };
		32A9B6300FA7027D00FF0967 /* poc_portability_macros_def.h */ = {isa = PBXFileReference; fileEncoding = 4; lastKnownFileType = sourcecode.c.h; path = poc_portability_macros_def.h; sourceTree = "<group>"; };
		32A9B6310FA702A600FF0967 /* poc_portability_macros_undef.h */ = {isa = PBXFileReference; fileEncoding = 4; lastKnownFileType = sourcecode.c.h; path = poc_portability_macros_undef.h; sourceTree = "<group>"; };
		32A9B6320FA702B600FF0967 /* poc_portability_macros_compiler_lang_undef.h */ = {isa = PBXFileReference; fileEncoding = 4; lastKnownFileType = sourcecode.c.h; path = poc_portability_macros_compiler_lang_undef.h; sourceTree = "<group>"; };
		8DD76F6C0486A84900D96B5E /* poc */ = {isa = PBXFileReference; explicitFileType = "compiled.mach-o.executable"; includeInIndex = 0; path = poc; sourceTree = BUILT_PRODUCTS_DIR; };
		C6859E8B029090EE04C91782 /* poc.1 */ = {isa = PBXFileReference; lastKnownFileType = text.man; path = poc.1; sourceTree = "<group>"; };
/* End PBXFileReference section */

/* Begin PBXFrameworksBuildPhase section */
		32532ACE0FA9B59F00197F39 /* Frameworks */ = {
			isa = PBXFrameworksBuildPhase;
			buildActionMask = 2147483647;
			files = (
			);
			runOnlyForDeploymentPostprocessing = 0;
		};
		32532AD60FA9B5CF00197F39 /* Frameworks */ = {
			isa = PBXFrameworksBuildPhase;
			buildActionMask = 2147483647;
			files = (
			);
			runOnlyForDeploymentPostprocessing = 0;
		};
		32532B570FA9CDB600197F39 /* Frameworks */ = {
			isa = PBXFrameworksBuildPhase;
			buildActionMask = 2147483647;
			files = (
			);
			runOnlyForDeploymentPostprocessing = 0;
		};
		8DD76F660486A84900D96B5E /* Frameworks */ = {
			isa = PBXFrameworksBuildPhase;
			buildActionMask = 2147483647;
			files = (
			);
			runOnlyForDeploymentPostprocessing = 0;
		};
/* End PBXFrameworksBuildPhase section */

/* Begin PBXGroup section */
		08FB7794FE84155DC02AAC07 /* poc */ = {
			isa = PBXGroup;
			children = (
				C6859E8C029090F304C91782 /* Documentation */,
				08FB7795FE84155DC02AAC07 /* Source */,
				324846B00FA3148800784249 /* Xcode Specific */,
				1AB674ADFE9D54B511CA2CBB /* Products */,
			);
			name = poc;
			sourceTree = "<group>";
		};
		08FB7795FE84155DC02AAC07 /* Source */ = {
			isa = PBXGroup;
			children = (
				324846B90FA3151900784249 /* src */,
			);
			name = Source;
			sourceTree = "<group>";
		};
		1AB674ADFE9D54B511CA2CBB /* Products */ = {
			isa = PBXGroup;
			children = (
				8DD76F6C0486A84900D96B5E /* poc */,
				32532AD00FA9B59F00197F39 /* poc_diagnose_c */,
				32532AD80FA9B5CF00197F39 /* poc_diagnose_cpp */,
				32532B590FA9CDB600197F39 /* poc_diagnose_objc */,
			);
			name = Products;
			sourceTree = "<group>";
		};
		324846B00FA3148800784249 /* Xcode Specific */ = {
			isa = PBXGroup;
			children = (
				C6859E8B029090EE04C91782 /* poc.1 */,
			);
			name = "Xcode Specific";
			sourceTree = "<group>";
		};
		324846B90FA3151900784249 /* src */ = {
			isa = PBXGroup;
			children = (
				32532A6D0FA8A9CE00197F39 /* poc_diagnose */,
				324846BA0FA3151900784249 /* poc */,
			);
			name = src;
			path = ../../src;
			sourceTree = SOURCE_ROOT;
		};
		324846BA0FA3151900784249 /* poc */ = {
			isa = PBXGroup;
			children = (
				324867C70FA3199500784249 /* poc.h */,
				324867D00FA34DD500784249 /* poc_def.h */,
				324867D20FA34E6700784249 /* poc_undef.h */,
				324867CC0FA34A3100784249 /* poc_arch.h */,
				324867D30FA34EA300784249 /* poc_arch_def.h */,
				324867D40FA361D000784249 /* poc_arch_undef.h */,
				32A9B6120FA5C26900FF0967 /* poc_compiler.h */,
				32A9B6130FA5C27400FF0967 /* poc_compiler_def.h */,
				32A9B6140FA5C27F00FF0967 /* poc_compiler_undef.h */,
				32A9B6160FA5F83100FF0967 /* poc_data_model.h */,
				32A9B6170FA5F83900FF0967 /* poc_data_model_def.h */,
				32A9B6280FA6452800FF0967 /* poc_data_model_undef.h */,
				32A9B6180FA5F84400FF0967 /* poc_data_model_os_arch_lang_undef.h */,
				32A9B6250FA63F2D00FF0967 /* poc_endian.h */,
				32A9B6260FA63F2D00FF0967 /* poc_endian_def.h */,
				32A9B6290FA6455400FF0967 /* poc_endian_undef.h */,
				32A9B6270FA63F2D00FF0967 /* poc_endian_arch_undef.h */,
				32A9B62A0FA6468D00FF0967 /* poc_lang.h */,
				32A9B62B0FA6469100FF0967 /* poc_lang_def.h */,
				32A9B62C0FA6469E00FF0967 /* poc_lang_undef.h */,
				32A9B62D0FA646D600FF0967 /* poc_lang_compiler_undef.h */,
				324867C80FA31BA600784249 /* poc_os.h */,
				324867CE0FA34B0E00784249 /* poc_os_def.h */,
				324867CD0FA34B0200784249 /* poc_os_undef.h */,
				32A9B62E0FA6471D00FF0967 /* poc_posix.h */,
				32A9B61A0FA609F700FF0967 /* poc_static_assert.h */,
				32A9B61D0FA60DF500FF0967 /* poc_static_assert_def.h */,
				32A9B61E0FA60F4B00FF0967 /* poc_static_assert_undef.h */,
				32A9B6190FA609E000FF0967 /* poc_preprocessor_utilities.h */,
				32A9B61B0FA60CFE00FF0967 /* poc_preprocessor_utilities_def.h */,
				32A9B61C0FA60D6100FF0967 /* poc_preprocessor_utilities_undef.h */,
				32A9B62F0FA700D200FF0967 /* poc_portability_macros.h */,
				32A9B6300FA7027D00FF0967 /* poc_portability_macros_def.h */,
				32A9B6310FA702A600FF0967 /* poc_portability_macros_undef.h */,
				32A9B6320FA702B600FF0967 /* poc_portability_macros_compiler_lang_undef.h */,
			);
			path = poc;
			sourceTree = "<group>";
		};
		32532A6D0FA8A9CE00197F39 /* poc_diagnose */ = {
			isa = PBXGroup;
			children = (
				32532ACC0FA9B57200197F39 /* poc_diagnose_main.c */,
				32532A6E0FA8AA6C00197F39 /* poc_diagnose_main.cpp */,
				32532B550FA9CD7E00197F39 /* poc_diagnose_main_objc.m */,
			);
			path = poc_diagnose;
			sourceTree = "<group>";
		};
		C6859E8C029090F304C91782 /* Documentation */ = {
			isa = PBXGroup;
			children = (
				324846B80FA314BD00784249 /* README.txt */,
				32532D440FAA5ABA00197F39 /* LICENSE.txt */,
			);
			name = Documentation;
			sourceTree = "<group>";
		};
/* End PBXGroup section */

/* Begin PBXNativeTarget section */
		32532ACF0FA9B59F00197F39 /* poc_diagnose_c */ = {
			isa = PBXNativeTarget;
			buildConfigurationList = 32532AD40FA9B5C100197F39 /* Build configuration list for PBXNativeTarget "poc_diagnose_c" */;
			buildPhases = (
				32532ACD0FA9B59F00197F39 /* Sources */,
				32532ACE0FA9B59F00197F39 /* Frameworks */,
			);
			buildRules = (
			);
			dependencies = (
			);
			name = poc_diagnose_c;
			productName = poc_diagnose_c;
			productReference = 32532AD00FA9B59F00197F39 /* poc_diagnose_c */;
			productType = "com.apple.product-type.tool";
		};
		32532AD70FA9B5CF00197F39 /* poc_diagnose_cpp */ = {
			isa = PBXNativeTarget;
			buildConfigurationList = 32532ADF0FA9B5FF00197F39 /* Build configuration list for PBXNativeTarget "poc_diagnose_cpp" */;
			buildPhases = (
				32532AD50FA9B5CF00197F39 /* Sources */,
				32532AD60FA9B5CF00197F39 /* Frameworks */,
			);
			buildRules = (
			);
			dependencies = (
			);
			name = poc_diagnose_cpp;
			productName = poc_diagnose_cpp;
			productReference = 32532AD80FA9B5CF00197F39 /* poc_diagnose_cpp */;
			productType = "com.apple.product-type.tool";
		};
		32532B580FA9CDB600197F39 /* poc_diagnose_objc */ = {
			isa = PBXNativeTarget;
			buildConfigurationList = 32532B5D0FA9CDD900197F39 /* Build configuration list for PBXNativeTarget "poc_diagnose_objc" */;
			buildPhases = (
				32532B560FA9CDB600197F39 /* Sources */,
				32532B570FA9CDB600197F39 /* Frameworks */,
			);
			buildRules = (
			);
			dependencies = (
			);
			name = poc_diagnose_objc;
			productName = poc_diagnose_objc;
			productReference = 32532B590FA9CDB600197F39 /* poc_diagnose_objc */;
			productType = "com.apple.product-type.tool";
		};
		8DD76F620486A84900D96B5E /* poc */ = {
			isa = PBXNativeTarget;
			buildConfigurationList = 1DEB923108733DC60010E9CD /* Build configuration list for PBXNativeTarget "poc" */;
			buildPhases = (
				8DD76F640486A84900D96B5E /* Sources */,
				8DD76F660486A84900D96B5E /* Frameworks */,
				8DD76F690486A84900D96B5E /* CopyFiles */,
			);
			buildRules = (
			);
			dependencies = (
			);
			name = poc;
			productInstallPath = "$(HOME)/bin";
			productName = poc;
			productReference = 8DD76F6C0486A84900D96B5E /* poc */;
			productType = "com.apple.product-type.tool";
		};
/* End PBXNativeTarget section */

/* Begin PBXProject section */
		08FB7793FE84155DC02AAC07 /* Project object */ = {
			isa = PBXProject;
			buildConfigurationList = 1DEB923508733DC60010E9CD /* Build configuration list for PBXProject "poc" */;
			compatibilityVersion = "Xcode 3.1";
			hasScannedForEncodings = 1;
			mainGroup = 08FB7794FE84155DC02AAC07 /* poc */;
			projectDirPath = "";
			projectRoot = "";
			targets = (
				8DD76F620486A84900D96B5E /* poc */,
				32532ACF0FA9B59F00197F39 /* poc_diagnose_c */,
				32532AD70FA9B5CF00197F39 /* poc_diagnose_cpp */,
				32532B580FA9CDB600197F39 /* poc_diagnose_objc */,
			);
		};
/* End PBXProject section */

/* Begin PBXSourcesBuildPhase section */
		32532ACD0FA9B59F00197F39 /* Sources */ = {
			isa = PBXSourcesBuildPhase;
			buildActionMask = 2147483647;
			files = (
				32532ADD0FA9B5E100197F39 /* poc_diagnose_main.c in Sources */,
			);
			runOnlyForDeploymentPostprocessing = 0;
		};
		32532AD50FA9B5CF00197F39 /* Sources */ = {
			isa = PBXSourcesBuildPhase;
			buildActionMask = 2147483647;
			files = (
				32532ADC0FA9B5DB00197F39 /* poc_diagnose_main.cpp in Sources */,
			);
			runOnlyForDeploymentPostprocessing = 0;
		};
		32532B560FA9CDB600197F39 /* Sources */ = {
			isa = PBXSourcesBuildPhase;
			buildActionMask = 2147483647;
			files = (
				32532B5E0FA9CDED00197F39 /* poc_diagnose_main_objc.m in Sources */,
			);
			runOnlyForDeploymentPostprocessing = 0;
		};
		8DD76F640486A84900D96B5E /* Sources */ = {
			isa = PBXSourcesBuildPhase;
			buildActionMask = 2147483647;
			files = (
			);
			runOnlyForDeploymentPostprocessing = 0;
		};
/* End PBXSourcesBuildPhase section */

/* Begin XCBuildConfiguration section */
		1DEB923208733DC60010E9CD /* Debug */ = {
			isa = XCBuildConfiguration;
			buildSettings = {
				ALWAYS_SEARCH_USER_PATHS = NO;
				COPY_PHASE_STRIP = NO;
				GCC_DYNAMIC_NO_PIC = NO;
				GCC_ENABLE_FIX_AND_CONTINUE = YES;
				GCC_MODEL_TUNING = G5;
				GCC_OPTIMIZATION_LEVEL = 0;
				GCC_PREPROCESSOR_DEFINITIONS = (
					"_GLIBCXX_DEBUG=1",
					"_GLIBCXX_DEBUG_PEDANTIC=1",
				);
				INSTALL_PATH = /usr/local/bin;
				PRODUCT_NAME = poc;
			};
			name = Debug;
		};
		1DEB923308733DC60010E9CD /* Release */ = {
			isa = XCBuildConfiguration;
			buildSettings = {
				ALWAYS_SEARCH_USER_PATHS = NO;
				DEBUG_INFORMATION_FORMAT = "dwarf-with-dsym";
				GCC_MODEL_TUNING = G5;
				INSTALL_PATH = /usr/local/bin;
				PRODUCT_NAME = poc;
			};
			name = Release;
		};
		1DEB923608733DC60010E9CD /* Debug */ = {
			isa = XCBuildConfiguration;
			buildSettings = {
				ALWAYS_SEARCH_USER_PATHS = NO;
				ARCHS = "$(ARCHS_STANDARD_32_BIT)";
				GCC_C_LANGUAGE_STANDARD = c99;
				GCC_OPTIMIZATION_LEVEL = 0;
				GCC_TREAT_IMPLICIT_FUNCTION_DECLARATIONS_AS_ERRORS = YES;
				GCC_WARN_64_TO_32_BIT_CONVERSION = YES;
				GCC_WARN_ABOUT_MISSING_NEWLINE = YES;
				GCC_WARN_ABOUT_MISSING_PROTOTYPES = YES;
				GCC_WARN_ABOUT_RETURN_TYPE = YES;
				GCC_WARN_CHECK_SWITCH_STATEMENTS = YES;
				GCC_WARN_EFFECTIVE_CPLUSPLUS_VIOLATIONS = YES;
				GCC_WARN_FOUR_CHARACTER_CONSTANTS = YES;
				GCC_WARN_HIDDEN_VIRTUAL_FUNCTIONS = YES;
				GCC_WARN_INITIALIZER_NOT_FULLY_BRACKETED = YES;
				GCC_WARN_MISSING_PARENTHESES = YES;
				GCC_WARN_NON_VIRTUAL_DESTRUCTOR = YES;
				GCC_WARN_PEDANTIC = YES;
				GCC_WARN_PROTOTYPE_CONVERSION = YES;
				GCC_WARN_SHADOW = YES;
				GCC_WARN_SIGN_COMPARE = YES;
				GCC_WARN_TYPECHECK_CALLS_TO_PRINTF = YES;
				GCC_WARN_UNKNOWN_PRAGMAS = YES;
				GCC_WARN_UNUSED_FUNCTION = YES;
				GCC_WARN_UNUSED_LABEL = YES;
				GCC_WARN_UNUSED_PARAMETER = YES;
				GCC_WARN_UNUSED_VALUE = YES;
				GCC_WARN_UNUSED_VARIABLE = YES;
				HEADER_SEARCH_PATHS = "\"$(SRCROOT)/../../src\"";
				ONLY_ACTIVE_ARCH = YES;
				PREBINDING = NO;
				SDKROOT = macosx10.5;
			};
			name = Debug;
		};
		1DEB923708733DC60010E9CD /* Release */ = {
			isa = XCBuildConfiguration;
			buildSettings = {
				ALWAYS_SEARCH_USER_PATHS = NO;
				ARCHS = "$(ARCHS_STANDARD_32_BIT)";
				GCC_C_LANGUAGE_STANDARD = c99;
				GCC_TREAT_IMPLICIT_FUNCTION_DECLARATIONS_AS_ERRORS = YES;
				GCC_WARN_64_TO_32_BIT_CONVERSION = YES;
				GCC_WARN_ABOUT_MISSING_NEWLINE = YES;
				GCC_WARN_ABOUT_MISSING_PROTOTYPES = YES;
				GCC_WARN_ABOUT_RETURN_TYPE = YES;
				GCC_WARN_CHECK_SWITCH_STATEMENTS = YES;
				GCC_WARN_EFFECTIVE_CPLUSPLUS_VIOLATIONS = YES;
				GCC_WARN_FOUR_CHARACTER_CONSTANTS = YES;
				GCC_WARN_HIDDEN_VIRTUAL_FUNCTIONS = YES;
				GCC_WARN_INITIALIZER_NOT_FULLY_BRACKETED = YES;
				GCC_WARN_MISSING_PARENTHESES = YES;
				GCC_WARN_NON_VIRTUAL_DESTRUCTOR = YES;
				GCC_WARN_PEDANTIC = YES;
				GCC_WARN_PROTOTYPE_CONVERSION = YES;
				GCC_WARN_SHADOW = YES;
				GCC_WARN_SIGN_COMPARE = YES;
				GCC_WARN_TYPECHECK_CALLS_TO_PRINTF = YES;
				GCC_WARN_UNKNOWN_PRAGMAS = YES;
				GCC_WARN_UNUSED_FUNCTION = YES;
				GCC_WARN_UNUSED_LABEL = YES;
				GCC_WARN_UNUSED_PARAMETER = YES;
				GCC_WARN_UNUSED_VALUE = YES;
				GCC_WARN_UNUSED_VARIABLE = YES;
				HEADER_SEARCH_PATHS = "\"$(SRCROOT)/../../src\"";
				PREBINDING = NO;
				SDKROOT = macosx10.5;
			};
			name = Release;
		};
		32532AD20FA9B5A300197F39 /* Debug */ = {
			isa = XCBuildConfiguration;
			buildSettings = {
				ALWAYS_SEARCH_USER_PATHS = NO;
				COPY_PHASE_STRIP = NO;
				GCC_DYNAMIC_NO_PIC = NO;
				GCC_ENABLE_FIX_AND_CONTINUE = YES;
				GCC_MODEL_TUNING = G5;
				GCC_OPTIMIZATION_LEVEL = 0;
				GCC_VERSION = 4.2;
				INSTALL_PATH = /usr/local/bin;
				PREBINDING = NO;
				PRODUCT_NAME = poc_diagnose_c;
			};
			name = Debug;
		};
		32532AD30FA9B5A300197F39 /* Release */ = {
			isa = XCBuildConfiguration;
			buildSettings = {
				ALWAYS_SEARCH_USER_PATHS = NO;
				COPY_PHASE_STRIP = YES;
				DEBUG_INFORMATION_FORMAT = "dwarf-with-dsym";
				GCC_ENABLE_FIX_AND_CONTINUE = NO;
				GCC_MODEL_TUNING = G5;
				GCC_VERSION = 4.2;
				INSTALL_PATH = /usr/local/bin;
				PREBINDING = NO;
				PRODUCT_NAME = poc_diagnose_c;
				ZERO_LINK = NO;
			};
			name = Release;
		};
		32532ADA0FA9B5D100197F39 /* Debug */ = {
			isa = XCBuildConfiguration;
			buildSettings = {
				ALWAYS_SEARCH_USER_PATHS = NO;
				COPY_PHASE_STRIP = NO;
				GCC_DYNAMIC_NO_PIC = NO;
				GCC_ENABLE_FIX_AND_CONTINUE = YES;
				GCC_MODEL_TUNING = G5;
				GCC_OPTIMIZATION_LEVEL = 0;
				INSTALL_PATH = /usr/local/bin;
				PREBINDING = NO;
				PRODUCT_NAME = poc_diagnose_cpp;
			};
			name = Debug;
		};
		32532ADB0FA9B5D100197F39 /* Release */ = {
			isa = XCBuildConfiguration;
			buildSettings = {
				ALWAYS_SEARCH_USER_PATHS = NO;
				COPY_PHASE_STRIP = YES;
				DEBUG_INFORMATION_FORMAT = "dwarf-with-dsym";
				GCC_ENABLE_FIX_AND_CONTINUE = NO;
				GCC_MODEL_TUNING = G5;
				INSTALL_PATH = /usr/local/bin;
				PREBINDING = NO;
				PRODUCT_NAME = poc_diagnose_cpp;
				ZERO_LINK = NO;
			};
			name = Release;
		};
		32532B5B0FA9CDBB00197F39 /* Debug */ = {
			isa = XCBuildConfiguration;
			buildSettings = {
				ALWAYS_SEARCH_USER_PATHS = NO;
				COPY_PHASE_STRIP = NO;
				GCC_DYNAMIC_NO_PIC = NO;
				GCC_ENABLE_FIX_AND_CONTINUE = YES;
				GCC_MODEL_TUNING = G5;
				GCC_OPTIMIZATION_LEVEL = 0;
				INSTALL_PATH = /usr/local/bin;
				PREBINDING = NO;
				PRODUCT_NAME = poc_diagnose_objc;
			};
			name = Debug;
		};
		32532B5C0FA9CDBB00197F39 /* Release */ = {
			isa = XCBuildConfiguration;
			buildSettings = {
				ALWAYS_SEARCH_USER_PATHS = NO;
				COPY_PHASE_STRIP = YES;
				DEBUG_INFORMATION_FORMAT = "dwarf-with-dsym";
				GCC_ENABLE_FIX_AND_CONTINUE = NO;
				GCC_MODEL_TUNING = G5;
				INSTALL_PATH = /usr/local/bin;
				PREBINDING = NO;
				PRODUCT_NAME = poc_diagnose_objc;
				ZERO_LINK = NO;
			};
			name = Release;
		};
/* End XCBuildConfiguration section */

/* Begin XCConfigurationList section */
		1DEB923108733DC60010E9CD /* Build configuration list for PBXNativeTarget "poc" */ = {
			isa = XCConfigurationList;
			buildConfigurations = (
				1DEB923208733DC60010E9CD /* Debug */,
				1DEB923308733DC60010E9CD /* Release */,
			);
			defaultConfigurationIsVisible = 0;
			defaultConfigurationName = Release;
		};
		1DEB923508733DC60010E9CD /* Build configuration list for PBXProject "poc" */ = {
			isa = XCConfigurationList;
			buildConfigurations = (
				1DEB923608733DC60010E9CD /* Debug */,
				1DEB923708733DC60010E9CD /* Release */,
			);
			defaultConfigurationIsVisible = 0;
			defaultConfigurationName = Release;
		};
		32532AD40FA9B5C100197F39 /* Build configuration list for PBXNativeTarget "poc_diagnose_c" */ = {
			isa = XCConfigurationList;
			buildConfigurations = (
				32532AD20FA9B5A300197F39 /* Debug */,
				32532AD30FA9B5A300197F39 /* Release */,
			);
			defaultConfigurationIsVisible = 0;
			defaultConfigurationName = Release;
		};
		32532ADF0FA9B5FF00197F39 /* Build configuration list for PBXNativeTarget "poc_diagnose_cpp" */ = {
			isa = XCConfigurationList;
			buildConfigurations = (
				32532ADA0FA9B5D100197F39 /* Debug */,
				32532ADB0FA9B5D100197F39 /* Release */,
			);
			defaultConfigurationIsVisible = 0;
			defaultConfigurationName = Release;
		};
		32532B5D0FA9CDD900197F39 /* Build configuration list for PBXNativeTarget "poc_diagnose_objc" */ = {
			isa = XCConfigurationList;
			buildConfigurations = (
				32532B5B0FA9CDBB00197F39 /* Debug */,
				32532B5C0FA9CDBB00197F39 /* Release */,
			);
			defaultConfigurationIsVisible = 0;
			defaultConfigurationName = Release;
		};
/* End XCConfigurationList section */
	};
	rootObject = 08FB7793FE84155DC02AAC07 /* Project object */;
}
